
Microsoft Visual Studio Solution File, Format Version 12.00
# Visual Studio Version 16
VisualStudioVersion = 16.6.30114.105
MinimumVisualStudioVersion = 10.0.40219.1
Project("{FAE04EC0-301F-11D3-BF4B-00C04F79EFBC}") = "MyWebApp", "MyWebApp\MyWebApp.csproj", "{AE149A3E-CB4B-41CA-BF97-32592973014C}"
EndProject
Project("{FAE04EC0-301F-11D3-BF4B-00C04F79EFBC}") = "DAL", "DAL\DAL.csproj", "{A09E2141-BF46-4EC4-BE56-DC44B165A5A6}"
EndProject
Project("{FAE04EC0-301F-11D3-BF4B-00C04F79EFBC}") = "Infrastructure", "Infrastructure\Infrastructure.csproj", "{D9CBC7C1-CE48-46D4-8645-7D14A93B30DF}"
EndProject
Project("{FAE04EC0-301F-11D3-BF4B-00C04F79EFBC}") = "UnitTests", "UnitTests\UnitTests.csproj", "{C995C060-257F-4D9E-8F98-CEE35B59C6CC}"
EndProject
Global
	GlobalSection(SolutionConfigurationPlatforms) = preSolution
		Debug|Any CPU = Debug|Any CPU
		Debug|x64 = Debug|x64
		Debug|x86 = Debug|x86
		Release|Any CPU = Release|Any CPU
		Release|x64 = Release|x64
		Release|x86 = Release|x86
	EndGlobalSection
	GlobalSection(SolutionProperties) = preSolution
		HideSolutionNode = FALSE
	EndGlobalSection
	GlobalSection(ProjectConfigurationPlatforms) = postSolution
		{AE149A3E-CB4B-41CA-BF97-32592973014C}.Debug|Any CPU.ActiveCfg = Debug|Any CPU
		{AE149A3E-CB4B-41CA-BF97-32592973014C}.Debug|Any CPU.Build.0 = Debug|Any CPU
		{AE149A3E-CB4B-41CA-BF97-32592973014C}.Debug|x64.ActiveCfg = Debug|Any CPU
		{AE149A3E-CB4B-41CA-BF97-32592973014C}.Debug|x64.Build.0 = Debug|Any CPU
		{AE149A3E-CB4B-41CA-BF97-32592973014C}.Debug|x86.ActiveCfg = Debug|Any CPU
		{AE149A3E-CB4B-41CA-BF97-32592973014C}.Debug|x86.Build.0 = Debug|Any CPU
		{AE149A3E-CB4B-41CA-BF97-32592973014C}.Release|Any CPU.ActiveCfg = Release|Any CPU
		{AE149A3E-CB4B-41CA-BF97-32592973014C}.Release|Any CPU.Build.0 = Release|Any CPU
		{AE149A3E-CB4B-41CA-BF97-32592973014C}.Release|x64.ActiveCfg = Release|Any CPU
		{AE149A3E-CB4B-41CA-BF97-32592973014C}.Release|x64.Build.0 = Release|Any CPU
		{AE149A3E-CB4B-41CA-BF97-32592973014C}.Release|x86.ActiveCfg = Release|Any CPU
		{AE149A3E-CB4B-41CA-BF97-32592973014C}.Release|x86.Build.0 = Release|Any CPU
		{A09E2141-BF46-4EC4-BE56-DC44B165A5A6}.Debug|Any CPU.ActiveCfg = Debug|Any CPU
		{A09E2141-BF46-4EC4-BE56-DC44B165A5A6}.Debug|Any CPU.Build.0 = Debug|Any CPU
		{A09E2141-BF46-4EC4-BE56-DC44B165A5A6}.Debug|x64.ActiveCfg = Debug|Any CPU
		{A09E2141-BF46-4EC4-BE56-DC44B165A5A6}.Debug|x64.Build.0 = Debug|Any CPU
		{A09E2141-BF46-4EC4-BE56-DC44B165A5A6}.Debug|x86.ActiveCfg = Debug|Any CPU
		{A09E2141-BF46-4EC4-BE56-DC44B165A5A6}.Debug|x86.Build.0 = Debug|Any CPU
		{A09E2141-BF46-4EC4-BE56-DC44B165A5A6}.Release|Any CPU.ActiveCfg = Release|Any CPU
		{A09E2141-BF46-4EC4-BE56-DC44B165A5A6}.Release|Any CPU.Build.0 = Release|Any CPU
		{A09E2141-BF46-4EC4-BE56-DC44B165A5A6}.Release|x64.ActiveCfg = Release|Any CPU
		{A09E2141-BF46-4EC4-BE56-DC44B165A5A6}.Release|x64.Build.0 = Release|Any CPU
		{A09E2141-BF46-4EC4-BE56-DC44B165A5A6}.Release|x86.ActiveCfg = Release|Any CPU
		{A09E2141-BF46-4EC4-BE56-DC44B165A5A6}.Release|x86.Build.0 = Release|Any CPU
		{D9CBC7C1-CE48-46D4-8645-7D14A93B30DF}.Debug|Any CPU.ActiveCfg = Debug|Any CPU
		{D9CBC7C1-CE48-46D4-8645-7D14A93B30DF}.Debug|Any CPU.Build.0 = Debug|Any CPU
		{D9CBC7C1-CE48-46D4-8645-7D14A93B30DF}.Debug|x64.ActiveCfg = Debug|Any CPU
		{D9CBC7C1-CE48-46D4-8645-7D14A93B30DF}.Debug|x64.Build.0 = Debug|Any CPU
		{D9CBC7C1-CE48-46D4-8645-7D14A93B30DF}.Debug|x86.ActiveCfg = Debug|Any CPU
		{D9CBC7C1-CE48-46D4-8645-7D14A93B30DF}.Debug|x86.Build.0 = Debug|Any CPU
		{D9CBC7C1-CE48-46D4-8645-7D14A93B30DF}.Release|Any CPU.ActiveCfg = Release|Any CPU
		{D9CBC7C1-CE48-46D4-8645-7D14A93B30DF}.Release|Any CPU.Build.0 = Release|Any CPU
		{D9CBC7C1-CE48-46D4-8645-7D14A93B30DF}.Release|x64.ActiveCfg = Release|Any CPU
		{D9CBC7C1-CE48-46D4-8645-7D14A93B30DF}.Release|x64.Build.0 = Release|Any CPU
		{D9CBC7C1-CE48-46D4-8645-7D14A93B30DF}.Release|x86.ActiveCfg = Release|Any CPU
		{D9CBC7C1-CE48-46D4-8645-7D14A93B30DF}.Release|x86.Build.0 = Release|Any CPU
		{C995C060-257F-4D9E-8F98-CEE35B59C6CC}.Debug|Any CPU.ActiveCfg = Debug|Any CPU
		{C995C060-257F-4D9E-8F98-CEE35B59C6CC}.Debug|Any CPU.Build.0 = Debug|Any CPU
		{C995C060-257F-4D9E-8F98-CEE35B59C6CC}.Debug|x64.ActiveCfg = Debug|Any CPU
		{C995C060-257F-4D9E-8F98-CEE35B59C6CC}.Debug|x64.Build.0 = Debug|Any CPU
		{C995C060-257F-4D9E-8F98-CEE35B59C6CC}.Debug|x86.ActiveCfg = Debug|Any CPU
		{C995C060-257F-4D9E-8F98-CEE35B59C6CC}.Debug|x86.Build.0 = Debug|Any CPU
		{C995C060-257F-4D9E-8F98-CEE35B59C6CC}.Release|Any CPU.ActiveCfg = Release|Any CPU
		{C995C060-257F-4D9E-8F98-CEE35B59C6CC}.Release|Any CPU.Build.0 = Release|Any CPU
		{C995C060-257F-4D9E-8F98-CEE35B59C6CC}.Release|x64.ActiveCfg = Release|Any CPU
		{C995C060-257F-4D9E-8F98-CEE35B59C6CC}.Release|x64.Build.0 = Release|Any CPU
		{C995C060-257F-4D9E-8F98-CEE35B59C6CC}.Release|x86.ActiveCfg = Release|Any CPU
		{C995C060-257F-4D9E-8F98-CEE35B59C6CC}.Release|x86.Build.0 = Release|Any CPU
	EndGlobalSection
EndGlobal
